
Microsoft Visual Studio Solution File, Format Version 10.00
# Visual C++ Express 2008
Project("{8BC9CEB8-8B4A-11D0-8D11-00A0C91BC942}") = "cdatetime_test_elements", "cdatetime_test_elements\cdatetime_test_elements.vcproj", "{C6A07B6D-B45E-46C4-A185-176269FB13ED}"
	ProjectSection(ProjectDependencies) = postProject
		{37F4A30E-405A-4E9D-8E08-D6A087EACFFE} = {37F4A30E-405A-4E9D-8E08-D6A087EACFFE}
		{BD3A95FA-A3DE-4B79-A889-A7E5ECA4B69C} = {BD3A95FA-A3DE-4B79-A889-A7E5ECA4B69C}
		{20FFC4C9-F44C-45F6-A827-4819B4DF3C9F} = {20FFC4C9-F44C-45F6-A827-4819B4DF3C9F}
	EndProjectSection
EndProject
Project("{8BC9CEB8-8B4A-11D0-8D11-00A0C91BC942}") = "cdatetime_test_get_version", "cdatetime_test_get_version\cdatetime_test_get_version.vcproj", "{A5CA2B63-CE4F-4F78-AE3D-A51B1B5BB2B2}"
	ProjectSection(ProjectDependencies) = postProject
		{37F4A30E-405A-4E9D-8E08-D6A087EACFFE} = {37F4A30E-405A-4E9D-8E08-D6A087EACFFE}
		{20FFC4C9-F44C-45F6-A827-4819B4DF3C9F} = {20FFC4C9-F44C-45F6-A827-4819B4DF3C9F}
	EndProjectSection
EndProject
Project("{8BC9CEB8-8B4A-11D0-8D11-00A0C91BC942}") = "cdatetime_test_timestamp", "cdatetime_test_timestamp\cdatetime_test_timestamp.vcproj", "{AD27CE76-CA94-40D4-94FA-DCE700E82FFC}"
	ProjectSection(ProjectDependencies) = postProject
		{37F4A30E-405A-4E9D-8E08-D6A087EACFFE} = {37F4A30E-405A-4E9D-8E08-D6A087EACFFE}
		{BD3A95FA-A3DE-4B79-A889-A7E5ECA4B69C} = {BD3A95FA-A3DE-4B79-A889-A7E5ECA4B69C}
		{20FFC4C9-F44C-45F6-A827-4819B4DF3C9F} = {20FFC4C9-F44C-45F6-A827-4819B4DF3C9F}
	EndProjectSection
EndProject
Project("{8BC9CEB8-8B4A-11D0-8D11-00A0C91BC942}") = "libcdatetime", "libcdatetime\libcdatetime.vcproj", "{37F4A30E-405A-4E9D-8E08-D6A087EACFFE}"
	ProjectSection(ProjectDependencies) = postProject
		{20FFC4C9-F44C-45F6-A827-4819B4DF3C9F} = {20FFC4C9-F44C-45F6-A827-4819B4DF3C9F}
		{BD3A95FA-A3DE-4B79-A889-A7E5ECA4B69C} = {BD3A95FA-A3DE-4B79-A889-A7E5ECA4B69C}
	EndProjectSection
EndProject
Project("{8BC9CEB8-8B4A-11D0-8D11-00A0C91BC942}") = "libcstring", "libcstring\libcstring.vcproj", "{20FFC4C9-F44C-45F6-A827-4819B4DF3C9F}"
EndProject
Project("{8BC9CEB8-8B4A-11D0-8D11-00A0C91BC942}") = "libcerror", "libcerror\libcerror.vcproj", "{BD3A95FA-A3DE-4B79-A889-A7E5ECA4B69C}"
	ProjectSection(ProjectDependencies) = postProject
		{20FFC4C9-F44C-45F6-A827-4819B4DF3C9F} = {20FFC4C9-F44C-45F6-A827-4819B4DF3C9F}
	EndProjectSection
EndProject
Global
	GlobalSection(SolutionConfigurationPlatforms) = preSolution
		Release|Win32 = Release|Win32
		VSDebug|Win32 = VSDebug|Win32
	EndGlobalSection
	GlobalSection(ProjectConfigurationPlatforms) = postSolution
		{C6A07B6D-B45E-46C4-A185-176269FB13ED}.Release|Win32.ActiveCfg = Release|Win32
		{C6A07B6D-B45E-46C4-A185-176269FB13ED}.Release|Win32.Build.0 = Release|Win32
		{C6A07B6D-B45E-46C4-A185-176269FB13ED}.VSDebug|Win32.ActiveCfg = VSDebug|Win32
		{C6A07B6D-B45E-46C4-A185-176269FB13ED}.VSDebug|Win32.Build.0 = VSDebug|Win32
		{A5CA2B63-CE4F-4F78-AE3D-A51B1B5BB2B2}.Release|Win32.ActiveCfg = Release|Win32
		{A5CA2B63-CE4F-4F78-AE3D-A51B1B5BB2B2}.Release|Win32.Build.0 = Release|Win32
		{A5CA2B63-CE4F-4F78-AE3D-A51B1B5BB2B2}.VSDebug|Win32.ActiveCfg = VSDebug|Win32
		{A5CA2B63-CE4F-4F78-AE3D-A51B1B5BB2B2}.VSDebug|Win32.Build.0 = VSDebug|Win32
		{AD27CE76-CA94-40D4-94FA-DCE700E82FFC}.Release|Win32.ActiveCfg = Release|Win32
		{AD27CE76-CA94-40D4-94FA-DCE700E82FFC}.Release|Win32.Build.0 = Release|Win32
		{AD27CE76-CA94-40D4-94FA-DCE700E82FFC}.VSDebug|Win32.ActiveCfg = VSDebug|Win32
		{AD27CE76-CA94-40D4-94FA-DCE700E82FFC}.VSDebug|Win32.Build.0 = VSDebug|Win32
		{37F4A30E-405A-4E9D-8E08-D6A087EACFFE}.Release|Win32.ActiveCfg = Release|Win32
		{37F4A30E-405A-4E9D-8E08-D6A087EACFFE}.Release|Win32.Build.0 = Release|Win32
		{37F4A30E-405A-4E9D-8E08-D6A087EACFFE}.VSDebug|Win32.ActiveCfg = VSDebug|Win32
		{37F4A30E-405A-4E9D-8E08-D6A087EACFFE}.VSDebug|Win32.Build.0 = VSDebug|Win32
		{20FFC4C9-F44C-45F6-A827-4819B4DF3C9F}.Release|Win32.ActiveCfg = Release|Win32
		{20FFC4C9-F44C-45F6-A827-4819B4DF3C9F}.Release|Win32.Build.0 = Release|Win32
		{20FFC4C9-F44C-45F6-A827-4819B4DF3C9F}.VSDebug|Win32.ActiveCfg = VSDebug|Win32
		{20FFC4C9-F44C-45F6-A827-4819B4DF3C9F}.VSDebug|Win32.Build.0 = VSDebug|Win32
		{BD3A95FA-A3DE-4B79-A889-A7E5ECA4B69C}.Release|Win32.ActiveCfg = Release|Win32
		{BD3A95FA-A3DE-4B79-A889-A7E5ECA4B69C}.Release|Win32.Build.0 = Release|Win32
		{BD3A95FA-A3DE-4B79-A889-A7E5ECA4B69C}.VSDebug|Win32.ActiveCfg = VSDebug|Win32
		{BD3A95FA-A3DE-4B79-A889-A7E5ECA4B69C}.VSDebug|Win32.Build.0 = VSDebug|Win32
	EndGlobalSection
	GlobalSection(SolutionProperties) = preSolution
		HideSolutionNode = FALSE
	EndGlobalSection
EndGlobal
